// !$*UTF8*$!
{
	archiveVersion = 1;
	classes = {
	};
	objectVersion = 56;
	objects = {

/* Begin PBXBuildFile section */
		FFB91B242C11D5D60088762D /* AppDelegate.swift in Sources */ = {isa = PBXBuildFile; fileRef = FFB91B232C11D5D60088762D /* AppDelegate.swift */; };
		FFB91B262C11D5D60088762D /* SceneDelegate.swift in Sources */ = {isa = PBXBuildFile; fileRef = FFB91B252C11D5D60088762D /* SceneDelegate.swift */; };
		FFB91B2D2C11D5D80088762D /* Assets.xcassets in Resources */ = {isa = PBXBuildFile; fileRef = FFB91B2C2C11D5D80088762D /* Assets.xcassets */; };
		FFB91B302C11D5D80088762D /* Base in Resources */ = {isa = PBXBuildFile; fileRef = FFB91B2F2C11D5D80088762D /* Base */; };
		FFB91B3E2C11D77C0088762D /* SnapKit in Frameworks */ = {isa = PBXBuildFile; productRef = FFB91B3D2C11D77C0088762D /* SnapKit */; };
		FFB91B402C11D77C0088762D /* SnapKit-Dynamic in Frameworks */ = {isa = PBXBuildFile; productRef = FFB91B3F2C11D77C0088762D /* SnapKit-Dynamic */; };
		FFB91B482C11EE580088762D /* MainViewController.swift in Sources */ = {isa = PBXBuildFile; fileRef = FFB91B472C11EE580088762D /* MainViewController.swift */; };
		FFB91B4B2C11EF050088762D /* MainViewControllerFactory.swift in Sources */ = {isa = PBXBuildFile; fileRef = FFB91B4A2C11EF050088762D /* MainViewControllerFactory.swift */; };
		FFB91B542C11F4B50088762D /* DBManager.swift in Sources */ = {isa = PBXBuildFile; fileRef = FFB91B532C11F4B50088762D /* DBManager.swift */; };
		FFB91B572C11F4EF0088762D /* Shop.swift in Sources */ = {isa = PBXBuildFile; fileRef = FFB91B562C11F4EF0088762D /* Shop.swift */; };
		FFB91B592C11F5480088762D /* Product.swift in Sources */ = {isa = PBXBuildFile; fileRef = FFB91B582C11F5480088762D /* Product.swift */; };
		FFB91B5C2C11F7130088762D /* MainViewControllerDataStorage.swift in Sources */ = {isa = PBXBuildFile; fileRef = FFB91B5B2C11F7130088762D /* MainViewControllerDataStorage.swift */; };
		FFB91B5F2C120F010088762D /* Localizable.strings in Resources */ = {isa = PBXBuildFile; fileRef = FFB91B5D2C120F010088762D /* Localizable.strings */; };
		FFB91B612C120F370088762D /* Texts.swift in Sources */ = {isa = PBXBuildFile; fileRef = FFB91B602C120F370088762D /* Texts.swift */; };
		FFB91B682C130C380088762D /* FilterCollectionViewCell.swift in Sources */ = {isa = PBXBuildFile; fileRef = FFB91B672C130C380088762D /* FilterCollectionViewCell.swift */; };
		FFB91B6B2C1310FE0088762D /* FilterDataSource.swift in Sources */ = {isa = PBXBuildFile; fileRef = FFB91B6A2C1310FE0088762D /* FilterDataSource.swift */; };
		FFB91B6E2C1312480088762D /* Filter.swift in Sources */ = {isa = PBXBuildFile; fileRef = FFB91B6D2C1312480088762D /* Filter.swift */; };
		FFB91B712C13244E0088762D /* ProductTableViewCell.swift in Sources */ = {isa = PBXBuildFile; fileRef = FFB91B702C13244E0088762D /* ProductTableViewCell.swift */; };
		FFB91B742C1327640088762D /* Double+rounded.swift in Sources */ = {isa = PBXBuildFile; fileRef = FFB91B732C1327640088762D /* Double+rounded.swift */; };
		FFB91B762C1328900088762D /* ProductsDataSource.swift in Sources */ = {isa = PBXBuildFile; fileRef = FFB91B752C1328900088762D /* ProductsDataSource.swift */; };
/* End PBXBuildFile section */

/* Begin PBXCopyFilesBuildPhase section */
		FFB91B4D2C11F2350088762D /* Embed Frameworks */ = {
			isa = PBXCopyFilesBuildPhase;
			buildActionMask = 2147483647;
			dstPath = "";
			dstSubfolderSpec = 10;
			files = (
			);
			name = "Embed Frameworks";
			runOnlyForDeploymentPostprocessing = 0;
		};
/* End PBXCopyFilesBuildPhase section */

/* Begin PBXFileReference section */
		FFB91B202C11D5D60088762D /* GlobalStore.app */ = {isa = PBXFileReference; explicitFileType = wrapper.application; includeInIndex = 0; path = GlobalStore.app; sourceTree = BUILT_PRODUCTS_DIR; };
		FFB91B232C11D5D60088762D /* AppDelegate.swift */ = {isa = PBXFileReference; lastKnownFileType = sourcecode.swift; path = AppDelegate.swift; sourceTree = "<group>"; };
		FFB91B252C11D5D60088762D /* SceneDelegate.swift */ = {isa = PBXFileReference; lastKnownFileType = sourcecode.swift; path = SceneDelegate.swift; sourceTree = "<group>"; };
		FFB91B2C2C11D5D80088762D /* Assets.xcassets */ = {isa = PBXFileReference; lastKnownFileType = folder.assetcatalog; path = Assets.xcassets; sourceTree = "<group>"; };
		FFB91B2F2C11D5D80088762D /* Base */ = {isa = PBXFileReference; lastKnownFileType = file.storyboard; name = Base; path = Base.lproj/LaunchScreen.storyboard; sourceTree = "<group>"; };
		FFB91B312C11D5D80088762D /* Info.plist */ = {isa = PBXFileReference; lastKnownFileType = text.plist.xml; path = Info.plist; sourceTree = "<group>"; };
		FFB91B472C11EE580088762D /* MainViewController.swift */ = {isa = PBXFileReference; lastKnownFileType = sourcecode.swift; path = MainViewController.swift; sourceTree = "<group>"; };
		FFB91B4A2C11EF050088762D /* MainViewControllerFactory.swift */ = {isa = PBXFileReference; lastKnownFileType = sourcecode.swift; path = MainViewControllerFactory.swift; sourceTree = "<group>"; };
		FFB91B532C11F4B50088762D /* DBManager.swift */ = {isa = PBXFileReference; lastKnownFileType = sourcecode.swift; path = DBManager.swift; sourceTree = "<group>"; };
		FFB91B562C11F4EF0088762D /* Shop.swift */ = {isa = PBXFileReference; lastKnownFileType = sourcecode.swift; path = Shop.swift; sourceTree = "<group>"; };
		FFB91B582C11F5480088762D /* Product.swift */ = {isa = PBXFileReference; lastKnownFileType = sourcecode.swift; path = Product.swift; sourceTree = "<group>"; };
		FFB91B5B2C11F7130088762D /* MainViewControllerDataStorage.swift */ = {isa = PBXFileReference; lastKnownFileType = sourcecode.swift; path = MainViewControllerDataStorage.swift; sourceTree = "<group>"; };
		FFB91B5E2C120F010088762D /* en */ = {isa = PBXFileReference; lastKnownFileType = text.plist.strings; name = en; path = en.lproj/Localizable.strings; sourceTree = "<group>"; };
		FFB91B602C120F370088762D /* Texts.swift */ = {isa = PBXFileReference; lastKnownFileType = sourcecode.swift; path = Texts.swift; sourceTree = "<group>"; };
		FFB91B672C130C380088762D /* FilterCollectionViewCell.swift */ = {isa = PBXFileReference; lastKnownFileType = sourcecode.swift; path = FilterCollectionViewCell.swift; sourceTree = "<group>"; };
		FFB91B6A2C1310FE0088762D /* FilterDataSource.swift */ = {isa = PBXFileReference; lastKnownFileType = sourcecode.swift; path = FilterDataSource.swift; sourceTree = "<group>"; };
		FFB91B6D2C1312480088762D /* Filter.swift */ = {isa = PBXFileReference; lastKnownFileType = sourcecode.swift; path = Filter.swift; sourceTree = "<group>"; };
		FFB91B702C13244E0088762D /* ProductTableViewCell.swift */ = {isa = PBXFileReference; lastKnownFileType = sourcecode.swift; path = ProductTableViewCell.swift; sourceTree = "<group>"; };
		FFB91B732C1327640088762D /* Double+rounded.swift */ = {isa = PBXFileReference; lastKnownFileType = sourcecode.swift; path = "Double+rounded.swift"; sourceTree = "<group>"; };
		FFB91B752C1328900088762D /* ProductsDataSource.swift */ = {isa = PBXFileReference; lastKnownFileType = sourcecode.swift; path = ProductsDataSource.swift; sourceTree = "<group>"; };
/* End PBXFileReference section */

/* Begin PBXFrameworksBuildPhase section */
		FFB91B1D2C11D5D60088762D /* Frameworks */ = {
			isa = PBXFrameworksBuildPhase;
			buildActionMask = 2147483647;
			files = (
				FFB91B3E2C11D77C0088762D /* SnapKit in Frameworks */,
				FFB91B402C11D77C0088762D /* SnapKit-Dynamic in Frameworks */,
			);
			runOnlyForDeploymentPostprocessing = 0;
		};
/* End PBXFrameworksBuildPhase section */

/* Begin PBXGroup section */
		FFB91B172C11D5D60088762D = {
			isa = PBXGroup;
			children = (
				FFB91B222C11D5D60088762D /* GlobalStore */,
				FFB91B212C11D5D60088762D /* Products */,
			);
			sourceTree = "<group>";
		};
		FFB91B212C11D5D60088762D /* Products */ = {
			isa = PBXGroup;
			children = (
				FFB91B202C11D5D60088762D /* GlobalStore.app */,
			);
			name = Products;
			sourceTree = "<group>";
		};
		FFB91B222C11D5D60088762D /* GlobalStore */ = {
			isa = PBXGroup;
			children = (
				FFB91B722C1327530088762D /* Extension */,
				FFB91B512C11F4990088762D /* Manager */,
				FFB91B392C11D74F0088762D /* Flow */,
				FFB91B382C11D6410088762D /* Resources */,
				FFB91B372C11D6150088762D /* App */,
			);
			path = GlobalStore;
			sourceTree = "<group>";
		};
		FFB91B372C11D6150088762D /* App */ = {
			isa = PBXGroup;
			children = (
				FFB91B312C11D5D80088762D /* Info.plist */,
				FFB91B2E2C11D5D80088762D /* LaunchScreen.storyboard */,
				FFB91B252C11D5D60088762D /* SceneDelegate.swift */,
				FFB91B232C11D5D60088762D /* AppDelegate.swift */,
			);
			path = App;
			sourceTree = "<group>";
		};
		FFB91B382C11D6410088762D /* Resources */ = {
			isa = PBXGroup;
			children = (
				FFB91B2C2C11D5D80088762D /* Assets.xcassets */,
				FFB91B5D2C120F010088762D /* Localizable.strings */,
				FFB91B602C120F370088762D /* Texts.swift */,
			);
			path = Resources;
			sourceTree = "<group>";
		};
		FFB91B392C11D74F0088762D /* Flow */ = {
			isa = PBXGroup;
			children = (
				FFB91B3A2C11D7540088762D /* Main */,
			);
			path = Flow;
			sourceTree = "<group>";
		};
		FFB91B3A2C11D7540088762D /* Main */ = {
			isa = PBXGroup;
			children = (
				FFB91B6C2C13123C0088762D /* Model */,
				FFB91B692C1310EA0088762D /* Datasource */,
				FFB91B622C130B760088762D /* View */,
				FFB91B5A2C11F6E90088762D /* Storage */,
				FFB91B492C11EEEF0088762D /* Factory */,
				FFB91B3B2C11D75B0088762D /* Controller */,
			);
			path = Main;
			sourceTree = "<group>";
		};
		FFB91B3B2C11D75B0088762D /* Controller */ = {
			isa = PBXGroup;
			children = (
				FFB91B472C11EE580088762D /* MainViewController.swift */,
			);
			path = Controller;
			sourceTree = "<group>";
		};
		FFB91B492C11EEEF0088762D /* Factory */ = {
			isa = PBXGroup;
			children = (
				FFB91B4A2C11EF050088762D /* MainViewControllerFactory.swift */,
			);
			path = Factory;
			sourceTree = "<group>";
		};
		FFB91B512C11F4990088762D /* Manager */ = {
			isa = PBXGroup;
			children = (
				FFB91B522C11F4A10088762D /* DB */,
			);
			path = Manager;
			sourceTree = "<group>";
		};
		FFB91B522C11F4A10088762D /* DB */ = {
			isa = PBXGroup;
			children = (
				FFB91B552C11F4DA0088762D /* Model */,
				FFB91B532C11F4B50088762D /* DBManager.swift */,
			);
			path = DB;
			sourceTree = "<group>";
		};
		FFB91B552C11F4DA0088762D /* Model */ = {
			isa = PBXGroup;
			children = (
				FFB91B562C11F4EF0088762D /* Shop.swift */,
				FFB91B582C11F5480088762D /* Product.swift */,
			);
			path = Model;
			sourceTree = "<group>";
		};
		FFB91B5A2C11F6E90088762D /* Storage */ = {
			isa = PBXGroup;
			children = (
				FFB91B5B2C11F7130088762D /* MainViewControllerDataStorage.swift */,
			);
			path = Storage;
			sourceTree = "<group>";
		};
		FFB91B622C130B760088762D /* View */ = {
			isa = PBXGroup;
			children = (
				FFB91B6F2C1324350088762D /* TableCell */,
				FFB91B632C130B810088762D /* CollectionCell */,
			);
			path = View;
			sourceTree = "<group>";
		};
		FFB91B632C130B810088762D /* CollectionCell */ = {
			isa = PBXGroup;
			children = (
				FFB91B672C130C380088762D /* FilterCollectionViewCell.swift */,
			);
			path = CollectionCell;
			sourceTree = "<group>";
		};
		FFB91B692C1310EA0088762D /* Datasource */ = {
			isa = PBXGroup;
			children = (
				FFB91B6A2C1310FE0088762D /* FilterDataSource.swift */,
				FFB91B752C1328900088762D /* ProductsDataSource.swift */,
			);
			path = Datasource;
			sourceTree = "<group>";
		};
		FFB91B6C2C13123C0088762D /* Model */ = {
			isa = PBXGroup;
			children = (
				FFB91B6D2C1312480088762D /* Filter.swift */,
			);
			path = Model;
			sourceTree = "<group>";
		};
		FFB91B6F2C1324350088762D /* TableCell */ = {
			isa = PBXGroup;
			children = (
				FFB91B702C13244E0088762D /* ProductTableViewCell.swift */,
			);
			path = TableCell;
			sourceTree = "<group>";
		};
		FFB91B722C1327530088762D /* Extension */ = {
			isa = PBXGroup;
			children = (
				FFB91B732C1327640088762D /* Double+rounded.swift */,
			);
			path = Extension;
			sourceTree = "<group>";
		};
/* End PBXGroup section */

/* Begin PBXNativeTarget section */
		FFB91B1F2C11D5D60088762D /* GlobalStore */ = {
			isa = PBXNativeTarget;
			buildConfigurationList = FFB91B342C11D5D80088762D /* Build configuration list for PBXNativeTarget "GlobalStore" */;
			buildPhases = (
				FFB91B1C2C11D5D60088762D /* Sources */,
				FFB91B1D2C11D5D60088762D /* Frameworks */,
				FFB91B1E2C11D5D60088762D /* Resources */,
				FFB91B4D2C11F2350088762D /* Embed Frameworks */,
			);
			buildRules = (
			);
			dependencies = (
			);
			name = GlobalStore;
			packageProductDependencies = (
				FFB91B3D2C11D77C0088762D /* SnapKit */,
				FFB91B3F2C11D77C0088762D /* SnapKit-Dynamic */,
			);
			productName = GlobalStore;
			productReference = FFB91B202C11D5D60088762D /* GlobalStore.app */;
			productType = "com.apple.product-type.application";
		};
/* End PBXNativeTarget section */

/* Begin PBXProject section */
		FFB91B182C11D5D60088762D /* Project object */ = {
			isa = PBXProject;
			attributes = {
				BuildIndependentTargetsInParallel = 1;
				LastSwiftUpdateCheck = 1530;
				LastUpgradeCheck = 1530;
				TargetAttributes = {
					FFB91B1F2C11D5D60088762D = {
						CreatedOnToolsVersion = 15.3;
					};
				};
			};
			buildConfigurationList = FFB91B1B2C11D5D60088762D /* Build configuration list for PBXProject "GlobalStore" */;
			compatibilityVersion = "Xcode 14.0";
			developmentRegion = en;
			hasScannedForEncodings = 0;
			knownRegions = (
				en,
				Base,
			);
			mainGroup = FFB91B172C11D5D60088762D;
			packageReferences = (
				FFB91B3C2C11D77C0088762D /* XCRemoteSwiftPackageReference "SnapKit" */,
			);
			productRefGroup = FFB91B212C11D5D60088762D /* Products */;
			projectDirPath = "";
			projectRoot = "";
			targets = (
				FFB91B1F2C11D5D60088762D /* GlobalStore */,
			);
		};
/* End PBXProject section */

/* Begin PBXResourcesBuildPhase section */
		FFB91B1E2C11D5D60088762D /* Resources */ = {
			isa = PBXResourcesBuildPhase;
			buildActionMask = 2147483647;
			files = (
				FFB91B2D2C11D5D80088762D /* Assets.xcassets in Resources */,
				FFB91B5F2C120F010088762D /* Localizable.strings in Resources */,
				FFB91B302C11D5D80088762D /* Base in Resources */,
			);
			runOnlyForDeploymentPostprocessing = 0;
		};
/* End PBXResourcesBuildPhase section */

/* Begin PBXSourcesBuildPhase section */
		FFB91B1C2C11D5D60088762D /* Sources */ = {
			isa = PBXSourcesBuildPhase;
			buildActionMask = 2147483647;
			files = (
				FFB91B542C11F4B50088762D /* DBManager.swift in Sources */,
				FFB91B6E2C1312480088762D /* Filter.swift in Sources */,
				FFB91B762C1328900088762D /* ProductsDataSource.swift in Sources */,
				FFB91B6B2C1310FE0088762D /* FilterDataSource.swift in Sources */,
				FFB91B482C11EE580088762D /* MainViewController.swift in Sources */,
				FFB91B242C11D5D60088762D /* AppDelegate.swift in Sources */,
				FFB91B682C130C380088762D /* FilterCollectionViewCell.swift in Sources */,
				FFB91B742C1327640088762D /* Double+rounded.swift in Sources */,
				FFB91B612C120F370088762D /* Texts.swift in Sources */,
				FFB91B712C13244E0088762D /* ProductTableViewCell.swift in Sources */,
				FFB91B5C2C11F7130088762D /* MainViewControllerDataStorage.swift in Sources */,
				FFB91B572C11F4EF0088762D /* Shop.swift in Sources */,
				FFB91B4B2C11EF050088762D /* MainViewControllerFactory.swift in Sources */,
				FFB91B262C11D5D60088762D /* SceneDelegate.swift in Sources */,
				FFB91B592C11F5480088762D /* Product.swift in Sources */,
			);
			runOnlyForDeploymentPostprocessing = 0;
		};
/* End PBXSourcesBuildPhase section */

/* Begin PBXVariantGroup section */
		FFB91B2E2C11D5D80088762D /* LaunchScreen.storyboard */ = {
			isa = PBXVariantGroup;
			children = (
				FFB91B2F2C11D5D80088762D /* Base */,
			);
			name = LaunchScreen.storyboard;
			sourceTree = "<group>";
		};
		FFB91B5D2C120F010088762D /* Localizable.strings */ = {
			isa = PBXVariantGroup;
			children = (
				FFB91B5E2C120F010088762D /* en */,
			);
			name = Localizable.strings;
			sourceTree = "<group>";
		};
/* End PBXVariantGroup section */

/* Begin XCBuildConfiguration section */
		FFB91B322C11D5D80088762D /* Debug */ = {
			isa = XCBuildConfiguration;
			buildSettings = {
				ALWAYS_SEARCH_USER_PATHS = NO;
				ASSETCATALOG_COMPILER_GENERATE_SWIFT_ASSET_SYMBOL_EXTENSIONS = YES;
				CLANG_ANALYZER_NONNULL = YES;
				CLANG_ANALYZER_NUMBER_OBJECT_CONVERSION = YES_AGGRESSIVE;
				CLANG_CXX_LANGUAGE_STANDARD = "gnu++20";
				CLANG_ENABLE_MODULES = YES;
				CLANG_ENABLE_OBJC_ARC = YES;
				CLANG_ENABLE_OBJC_WEAK = YES;
				CLANG_WARN_BLOCK_CAPTURE_AUTORELEASING = YES;
				CLANG_WARN_BOOL_CONVERSION = YES;
				CLANG_WARN_COMMA = YES;
				CLANG_WARN_CONSTANT_CONVERSION = YES;
				CLANG_WARN_DEPRECATED_OBJC_IMPLEMENTATIONS = YES;
				CLANG_WARN_DIRECT_OBJC_ISA_USAGE = YES_ERROR;
				CLANG_WARN_DOCUMENTATION_COMMENTS = YES;
				CLANG_WARN_EMPTY_BODY = YES;
				CLANG_WARN_ENUM_CONVERSION = YES;
				CLANG_WARN_INFINITE_RECURSION = YES;
				CLANG_WARN_INT_CONVERSION = YES;
				CLANG_WARN_NON_LITERAL_NULL_CONVERSION = YES;
				CLANG_WARN_OBJC_IMPLICIT_RETAIN_SELF = YES;
				CLANG_WARN_OBJC_LITERAL_CONVERSION = YES;
				CLANG_WARN_OBJC_ROOT_CLASS = YES_ERROR;
				CLANG_WARN_QUOTED_INCLUDE_IN_FRAMEWORK_HEADER = YES;
				CLANG_WARN_RANGE_LOOP_ANALYSIS = YES;
				CLANG_WARN_STRICT_PROTOTYPES = YES;
				CLANG_WARN_SUSPICIOUS_MOVE = YES;
				CLANG_WARN_UNGUARDED_AVAILABILITY = YES_AGGRESSIVE;
				CLANG_WARN_UNREACHABLE_CODE = YES;
				CLANG_WARN__DUPLICATE_METHOD_MATCH = YES;
				COPY_PHASE_STRIP = NO;
				DEBUG_INFORMATION_FORMAT = dwarf;
				ENABLE_STRICT_OBJC_MSGSEND = YES;
				ENABLE_TESTABILITY = YES;
				ENABLE_USER_SCRIPT_SANDBOXING = YES;
				GCC_C_LANGUAGE_STANDARD = gnu17;
				GCC_DYNAMIC_NO_PIC = NO;
				GCC_NO_COMMON_BLOCKS = YES;
				GCC_OPTIMIZATION_LEVEL = 0;
				GCC_PREPROCESSOR_DEFINITIONS = (
					"DEBUG=1",
					"$(inherited)",
				);
				GCC_WARN_64_TO_32_BIT_CONVERSION = YES;
				GCC_WARN_ABOUT_RETURN_TYPE = YES_ERROR;
				GCC_WARN_UNDECLARED_SELECTOR = YES;
				GCC_WARN_UNINITIALIZED_AUTOS = YES_AGGRESSIVE;
				GCC_WARN_UNUSED_FUNCTION = YES;
				GCC_WARN_UNUSED_VARIABLE = YES;
				IPHONEOS_DEPLOYMENT_TARGET = 17.4;
				LOCALIZATION_PREFERS_STRING_CATALOGS = YES;
				MTL_ENABLE_DEBUG_INFO = INCLUDE_SOURCE;
				MTL_FAST_MATH = YES;
				ONLY_ACTIVE_ARCH = YES;
				SDKROOT = iphoneos;
				SWIFT_ACTIVE_COMPILATION_CONDITIONS = "DEBUG $(inherited)";
				SWIFT_OPTIMIZATION_LEVEL = "-Onone";
			};
			name = Debug;
		};
		FFB91B332C11D5D80088762D /* Release */ = {
			isa = XCBuildConfiguration;
			buildSettings = {
				ALWAYS_SEARCH_USER_PATHS = NO;
				ASSETCATALOG_COMPILER_GENERATE_SWIFT_ASSET_SYMBOL_EXTENSIONS = YES;
				CLANG_ANALYZER_NONNULL = YES;
				CLANG_ANALYZER_NUMBER_OBJECT_CONVERSION = YES_AGGRESSIVE;
				CLANG_CXX_LANGUAGE_STANDARD = "gnu++20";
				CLANG_ENABLE_MODULES = YES;
				CLANG_ENABLE_OBJC_ARC = YES;
				CLANG_ENABLE_OBJC_WEAK = YES;
				CLANG_WARN_BLOCK_CAPTURE_AUTORELEASING = YES;
				CLANG_WARN_BOOL_CONVERSION = YES;
				CLANG_WARN_COMMA = YES;
				CLANG_WARN_CONSTANT_CONVERSION = YES;
				CLANG_WARN_DEPRECATED_OBJC_IMPLEMENTATIONS = YES;
				CLANG_WARN_DIRECT_OBJC_ISA_USAGE = YES_ERROR;
				CLANG_WARN_DOCUMENTATION_COMMENTS = YES;
				CLANG_WARN_EMPTY_BODY = YES;
				CLANG_WARN_ENUM_CONVERSION = YES;
				CLANG_WARN_INFINITE_RECURSION = YES;
				CLANG_WARN_INT_CONVERSION = YES;
				CLANG_WARN_NON_LITERAL_NULL_CONVERSION = YES;
				CLANG_WARN_OBJC_IMPLICIT_RETAIN_SELF = YES;
				CLANG_WARN_OBJC_LITERAL_CONVERSION = YES;
				CLANG_WARN_OBJC_ROOT_CLASS = YES_ERROR;
				CLANG_WARN_QUOTED_INCLUDE_IN_FRAMEWORK_HEADER = YES;
				CLANG_WARN_RANGE_LOOP_ANALYSIS = YES;
				CLANG_WARN_STRICT_PROTOTYPES = YES;
				CLANG_WARN_SUSPICIOUS_MOVE = YES;
				CLANG_WARN_UNGUARDED_AVAILABILITY = YES_AGGRESSIVE;
				CLANG_WARN_UNREACHABLE_CODE = YES;
				CLANG_WARN__DUPLICATE_METHOD_MATCH = YES;
				COPY_PHASE_STRIP = NO;
				DEBUG_INFORMATION_FORMAT = "dwarf-with-dsym";
				ENABLE_NS_ASSERTIONS = NO;
				ENABLE_STRICT_OBJC_MSGSEND = YES;
				ENABLE_USER_SCRIPT_SANDBOXING = YES;
				GCC_C_LANGUAGE_STANDARD = gnu17;
				GCC_NO_COMMON_BLOCKS = YES;
				GCC_WARN_64_TO_32_BIT_CONVERSION = YES;
				GCC_WARN_ABOUT_RETURN_TYPE = YES_ERROR;
				GCC_WARN_UNDECLARED_SELECTOR = YES;
				GCC_WARN_UNINITIALIZED_AUTOS = YES_AGGRESSIVE;
				GCC_WARN_UNUSED_FUNCTION = YES;
				GCC_WARN_UNUSED_VARIABLE = YES;
				IPHONEOS_DEPLOYMENT_TARGET = 17.4;
				LOCALIZATION_PREFERS_STRING_CATALOGS = YES;
				MTL_ENABLE_DEBUG_INFO = NO;
				MTL_FAST_MATH = YES;
				SDKROOT = iphoneos;
				SWIFT_COMPILATION_MODE = wholemodule;
				VALIDATE_PRODUCT = YES;
			};
			name = Release;
		};
		FFB91B352C11D5D80088762D /* Debug */ = {
			isa = XCBuildConfiguration;
			buildSettings = {
				ASSETCATALOG_COMPILER_APPICON_NAME = AppIcon;
				ASSETCATALOG_COMPILER_GLOBAL_ACCENT_COLOR_NAME = AccentColor;
				CODE_SIGN_STYLE = Automatic;
				CURRENT_PROJECT_VERSION = 1;
				DEVELOPMENT_TEAM = AF68Y4A9MG;
				GENERATE_INFOPLIST_FILE = YES;
				INFOPLIST_FILE = GlobalStore/App/Info.plist;
				INFOPLIST_KEY_UIApplicationSupportsIndirectInputEvents = YES;
				INFOPLIST_KEY_UILaunchStoryboardName = LaunchScreen;
				INFOPLIST_KEY_UISupportedInterfaceOrientations_iPad = "UIInterfaceOrientationPortrait UIInterfaceOrientationPortraitUpsideDown UIInterfaceOrientationLandscapeLeft UIInterfaceOrientationLandscapeRight";
				INFOPLIST_KEY_UISupportedInterfaceOrientations_iPhone = "UIInterfaceOrientationPortrait UIInterfaceOrientationLandscapeLeft UIInterfaceOrientationLandscapeRight";
				LD_RUNPATH_SEARCH_PATHS = (
					"$(inherited)",
					"@executable_path/Frameworks",
				);
				MARKETING_VERSION = 1.0;
				PRODUCT_BUNDLE_IDENTIFIER = anatolii.khramchenko.GlobalStore;
				PRODUCT_NAME = "$(TARGET_NAME)";
				SWIFT_EMIT_LOC_STRINGS = YES;
				SWIFT_VERSION = 5.0;
				TARGETED_DEVICE_FAMILY = "1,2";
			};
			name = Debug;
		};
		FFB91B362C11D5D80088762D /* Release */ = {
			isa = XCBuildConfiguration;
			buildSettings = {
				ASSETCATALOG_COMPILER_APPICON_NAME = AppIcon;
				ASSETCATALOG_COMPILER_GLOBAL_ACCENT_COLOR_NAME = AccentColor;
				CODE_SIGN_STYLE = Automatic;
				CURRENT_PROJECT_VERSION = 1;
				DEVELOPMENT_TEAM = AF68Y4A9MG;
				GENERATE_INFOPLIST_FILE = YES;
				INFOPLIST_FILE = GlobalStore/App/Info.plist;
				INFOPLIST_KEY_UIApplicationSupportsIndirectInputEvents = YES;
				INFOPLIST_KEY_UILaunchStoryboardName = LaunchScreen;
				INFOPLIST_KEY_UISupportedInterfaceOrientations_iPad = "UIInterfaceOrientationPortrait UIInterfaceOrientationPortraitUpsideDown UIInterfaceOrientationLandscapeLeft UIInterfaceOrientationLandscapeRight";
				INFOPLIST_KEY_UISupportedInterfaceOrientations_iPhone = "UIInterfaceOrientationPortrait UIInterfaceOrientationLandscapeLeft UIInterfaceOrientationLandscapeRight";
				LD_RUNPATH_SEARCH_PATHS = (
					"$(inherited)",
					"@executable_path/Frameworks",
				);
				MARKETING_VERSION = 1.0;
				PRODUCT_BUNDLE_IDENTIFIER = anatolii.khramchenko.GlobalStore;
				PRODUCT_NAME = "$(TARGET_NAME)";
				SWIFT_EMIT_LOC_STRINGS = YES;
				SWIFT_VERSION = 5.0;
				TARGETED_DEVICE_FAMILY = "1,2";
			};
			name = Release;
		};
/* End XCBuildConfiguration section */

/* Begin XCConfigurationList section */
		FFB91B1B2C11D5D60088762D /* Build configuration list for PBXProject "GlobalStore" */ = {
			isa = XCConfigurationList;
			buildConfigurations = (
				FFB91B322C11D5D80088762D /* Debug */,
				FFB91B332C11D5D80088762D /* Release */,
			);
			defaultConfigurationIsVisible = 0;
			defaultConfigurationName = Release;
		};
		FFB91B342C11D5D80088762D /* Build configuration list for PBXNativeTarget "GlobalStore" */ = {
			isa = XCConfigurationList;
			buildConfigurations = (
				FFB91B352C11D5D80088762D /* Debug */,
				FFB91B362C11D5D80088762D /* Release */,
			);
			defaultConfigurationIsVisible = 0;
			defaultConfigurationName = Release;
		};
/* End XCConfigurationList section */

/* Begin XCRemoteSwiftPackageReference section */
		FFB91B3C2C11D77C0088762D /* XCRemoteSwiftPackageReference "SnapKit" */ = {
			isa = XCRemoteSwiftPackageReference;
			repositoryURL = "https://github.com/SnapKit/SnapKit";
			requirement = {
				kind = upToNextMajorVersion;
				minimumVersion = 5.7.1;
			};
		};
/* End XCRemoteSwiftPackageReference section */

/* Begin XCSwiftPackageProductDependency section */
		FFB91B3D2C11D77C0088762D /* SnapKit */ = {
			isa = XCSwiftPackageProductDependency;
			package = FFB91B3C2C11D77C0088762D /* XCRemoteSwiftPackageReference "SnapKit" */;
			productName = SnapKit;
		};
		FFB91B3F2C11D77C0088762D /* SnapKit-Dynamic */ = {
			isa = XCSwiftPackageProductDependency;
			package = FFB91B3C2C11D77C0088762D /* XCRemoteSwiftPackageReference "SnapKit" */;
			productName = "SnapKit-Dynamic";
		};
/* End XCSwiftPackageProductDependency section */
	};
	rootObject = FFB91B182C11D5D60088762D /* Project object */;
}
